
Microsoft Visual Studio Solution File, Format Version 12.00
# Visual Studio Version 17
VisualStudioVersion = 17.0.31903.59
MinimumVisualStudioVersion = 10.0.40219.1
Project("{2150E333-8FDC-42A3-9474-1A3956D46DE8}") = "src", "src", "{827E0CD3-B72D-47B6-A68D-7590B98EB39B}"
EndProject
Project("{2150E333-8FDC-42A3-9474-1A3956D46DE8}") = "API", "API", "{81034408-37C8-1011-444E-4C15C2FADA8E}"
EndProject
Project("{FAE04EC0-301F-11D3-BF4B-00C04F79EFBC}") = "TaskManagement.API", "src\API\TaskManagement.API\TaskManagement.API.csproj", "{5BDFBC09-EE8F-4681-A517-0EDCC643806A}"
EndProject
Project("{FAE04EC0-301F-11D3-BF4B-00C04F79EFBC}") = "TaskManagement.Domain", "src\API\TaskManagement.Domain\TaskManagement.Domain.csproj", "{65582966-B404-41AD-9ED6-50F79CE1CA96}"
EndProject
Project("{FAE04EC0-301F-11D3-BF4B-00C04F79EFBC}") = "TaskManagement.Infrastructure", "src\API\TaskManagement.Infrastructure\TaskManagement.Infrastructure.csproj", "{A4E802C0-2802-4DC3-BDFA-AAD855C4FBEA}"
EndProject
Project("{FAE04EC0-301F-11D3-BF4B-00C04F79EFBC}") = "TaskManagement.Tests", "src\API\TaskManagement.Tests\TaskManagement.Tests.csproj", "{A6F97815-2D6E-4BFD-8D9F-ACAF7CA30564}"
EndProject
Project("{2150E333-8FDC-42A3-9474-1A3956D46DE8}") = "Mobile", "Mobile", "{5F6E8ECF-6C7C-84BC-3852-AC68F2C425F8}"
EndProject
Project("{FAE04EC0-301F-11D3-BF4B-00C04F79EFBC}") = "TaskManagement.MobileApp", "src\Mobile\TaskManagement.MobileApp\TaskManagement.MobileApp.csproj", "{21A5DC4C-F679-489D-8807-0674A6121BB0}"
EndProject
Project("{FAE04EC0-301F-11D3-BF4B-00C04F79EFBC}") = "TaskManagement.Application", "src\API\TaskManagement.Application\TaskManagement.Application.csproj", "{700CFA55-E2D6-47AD-925C-E2B820B76069}"
EndProject
Project("{2150E333-8FDC-42A3-9474-1A3956D46DE8}") = "Client", "Client", "{C5A3B5EA-BE9F-76E5-E9B8-8A22B289B295}"
EndProject
Project("{FAE04EC0-301F-11D3-BF4B-00C04F79EFBC}") = "TaskManagement.Client", "src\Client\TaskManagement.Client\TaskManagement.Client.csproj", "{DBD9ABFC-CB39-45B5-84E4-77820B35C47E}"
EndProject
Project("{2150E333-8FDC-42A3-9474-1A3956D46DE8}") = "Shared", "Shared", "{C8E42992-5E42-0C2B-DBFE-AA848D06431C}"
EndProject
Project("{FAE04EC0-301F-11D3-BF4B-00C04F79EFBC}") = "TaskManagement.DTO", "src\Shared\TaskManagement.DTO\TaskManagement.DTO.csproj", "{0658DE42-404C-4918-86E4-F632A1ED80BC}"
EndProject
Global
	GlobalSection(SolutionConfigurationPlatforms) = preSolution
		Debug|Any CPU = Debug|Any CPU
		Debug|x64 = Debug|x64
		Debug|x86 = Debug|x86
		Release|Any CPU = Release|Any CPU
		Release|x64 = Release|x64
		Release|x86 = Release|x86
	EndGlobalSection
	GlobalSection(ProjectConfigurationPlatforms) = postSolution
		{5BDFBC09-EE8F-4681-A517-0EDCC643806A}.Debug|Any CPU.ActiveCfg = Debug|Any CPU
		{5BDFBC09-EE8F-4681-A517-0EDCC643806A}.Debug|Any CPU.Build.0 = Debug|Any CPU
		{5BDFBC09-EE8F-4681-A517-0EDCC643806A}.Debug|x64.ActiveCfg = Debug|Any CPU
		{5BDFBC09-EE8F-4681-A517-0EDCC643806A}.Debug|x64.Build.0 = Debug|Any CPU
		{5BDFBC09-EE8F-4681-A517-0EDCC643806A}.Debug|x86.ActiveCfg = Debug|Any CPU
		{5BDFBC09-EE8F-4681-A517-0EDCC643806A}.Debug|x86.Build.0 = Debug|Any CPU
		{5BDFBC09-EE8F-4681-A517-0EDCC643806A}.Release|Any CPU.ActiveCfg = Release|Any CPU
		{5BDFBC09-EE8F-4681-A517-0EDCC643806A}.Release|Any CPU.Build.0 = Release|Any CPU
		{5BDFBC09-EE8F-4681-A517-0EDCC643806A}.Release|x64.ActiveCfg = Release|Any CPU
		{5BDFBC09-EE8F-4681-A517-0EDCC643806A}.Release|x64.Build.0 = Release|Any CPU
		{5BDFBC09-EE8F-4681-A517-0EDCC643806A}.Release|x86.ActiveCfg = Release|Any CPU
		{5BDFBC09-EE8F-4681-A517-0EDCC643806A}.Release|x86.Build.0 = Release|Any CPU
		{65582966-B404-41AD-9ED6-50F79CE1CA96}.Debug|Any CPU.ActiveCfg = Debug|Any CPU
		{65582966-B404-41AD-9ED6-50F79CE1CA96}.Debug|Any CPU.Build.0 = Debug|Any CPU
		{65582966-B404-41AD-9ED6-50F79CE1CA96}.Debug|x64.ActiveCfg = Debug|Any CPU
		{65582966-B404-41AD-9ED6-50F79CE1CA96}.Debug|x64.Build.0 = Debug|Any CPU
		{65582966-B404-41AD-9ED6-50F79CE1CA96}.Debug|x86.ActiveCfg = Debug|Any CPU
		{65582966-B404-41AD-9ED6-50F79CE1CA96}.Debug|x86.Build.0 = Debug|Any CPU
		{65582966-B404-41AD-9ED6-50F79CE1CA96}.Release|Any CPU.ActiveCfg = Release|Any CPU
		{65582966-B404-41AD-9ED6-50F79CE1CA96}.Release|Any CPU.Build.0 = Release|Any CPU
		{65582966-B404-41AD-9ED6-50F79CE1CA96}.Release|x64.ActiveCfg = Release|Any CPU
		{65582966-B404-41AD-9ED6-50F79CE1CA96}.Release|x64.Build.0 = Release|Any CPU
		{65582966-B404-41AD-9ED6-50F79CE1CA96}.Release|x86.ActiveCfg = Release|Any CPU
		{65582966-B404-41AD-9ED6-50F79CE1CA96}.Release|x86.Build.0 = Release|Any CPU
		{A4E802C0-2802-4DC3-BDFA-AAD855C4FBEA}.Debug|Any CPU.ActiveCfg = Debug|Any CPU
		{A4E802C0-2802-4DC3-BDFA-AAD855C4FBEA}.Debug|Any CPU.Build.0 = Debug|Any CPU
		{A4E802C0-2802-4DC3-BDFA-AAD855C4FBEA}.Debug|x64.ActiveCfg = Debug|Any CPU
		{A4E802C0-2802-4DC3-BDFA-AAD855C4FBEA}.Debug|x64.Build.0 = Debug|Any CPU
		{A4E802C0-2802-4DC3-BDFA-AAD855C4FBEA}.Debug|x86.ActiveCfg = Debug|Any CPU
		{A4E802C0-2802-4DC3-BDFA-AAD855C4FBEA}.Debug|x86.Build.0 = Debug|Any CPU
		{A4E802C0-2802-4DC3-BDFA-AAD855C4FBEA}.Release|Any CPU.ActiveCfg = Release|Any CPU
		{A4E802C0-2802-4DC3-BDFA-AAD855C4FBEA}.Release|Any CPU.Build.0 = Release|Any CPU
		{A4E802C0-2802-4DC3-BDFA-AAD855C4FBEA}.Release|x64.ActiveCfg = Release|Any CPU
		{A4E802C0-2802-4DC3-BDFA-AAD855C4FBEA}.Release|x64.Build.0 = Release|Any CPU
		{A4E802C0-2802-4DC3-BDFA-AAD855C4FBEA}.Release|x86.ActiveCfg = Release|Any CPU
		{A4E802C0-2802-4DC3-BDFA-AAD855C4FBEA}.Release|x86.Build.0 = Release|Any CPU
		{A6F97815-2D6E-4BFD-8D9F-ACAF7CA30564}.Debug|Any CPU.ActiveCfg = Debug|Any CPU
		{A6F97815-2D6E-4BFD-8D9F-ACAF7CA30564}.Debug|Any CPU.Build.0 = Debug|Any CPU
		{A6F97815-2D6E-4BFD-8D9F-ACAF7CA30564}.Debug|x64.ActiveCfg = Debug|Any CPU
		{A6F97815-2D6E-4BFD-8D9F-ACAF7CA30564}.Debug|x64.Build.0 = Debug|Any CPU
		{A6F97815-2D6E-4BFD-8D9F-ACAF7CA30564}.Debug|x86.ActiveCfg = Debug|Any CPU
		{A6F97815-2D6E-4BFD-8D9F-ACAF7CA30564}.Debug|x86.Build.0 = Debug|Any CPU
		{A6F97815-2D6E-4BFD-8D9F-ACAF7CA30564}.Release|Any CPU.ActiveCfg = Release|Any CPU
		{A6F97815-2D6E-4BFD-8D9F-ACAF7CA30564}.Release|Any CPU.Build.0 = Release|Any CPU
		{A6F97815-2D6E-4BFD-8D9F-ACAF7CA30564}.Release|x64.ActiveCfg = Release|Any CPU
		{A6F97815-2D6E-4BFD-8D9F-ACAF7CA30564}.Release|x64.Build.0 = Release|Any CPU
		{A6F97815-2D6E-4BFD-8D9F-ACAF7CA30564}.Release|x86.ActiveCfg = Release|Any CPU
		{A6F97815-2D6E-4BFD-8D9F-ACAF7CA30564}.Release|x86.Build.0 = Release|Any CPU
		{21A5DC4C-F679-489D-8807-0674A6121BB0}.Debug|Any CPU.ActiveCfg = Debug|Any CPU
		{21A5DC4C-F679-489D-8807-0674A6121BB0}.Debug|Any CPU.Build.0 = Debug|Any CPU
		{21A5DC4C-F679-489D-8807-0674A6121BB0}.Debug|x64.ActiveCfg = Debug|Any CPU
		{21A5DC4C-F679-489D-8807-0674A6121BB0}.Debug|x64.Build.0 = Debug|Any CPU
		{21A5DC4C-F679-489D-8807-0674A6121BB0}.Debug|x86.ActiveCfg = Debug|Any CPU
		{21A5DC4C-F679-489D-8807-0674A6121BB0}.Debug|x86.Build.0 = Debug|Any CPU
		{21A5DC4C-F679-489D-8807-0674A6121BB0}.Release|Any CPU.ActiveCfg = Release|Any CPU
		{21A5DC4C-F679-489D-8807-0674A6121BB0}.Release|Any CPU.Build.0 = Release|Any CPU
		{21A5DC4C-F679-489D-8807-0674A6121BB0}.Release|x64.ActiveCfg = Release|Any CPU
		{21A5DC4C-F679-489D-8807-0674A6121BB0}.Release|x64.Build.0 = Release|Any CPU
		{21A5DC4C-F679-489D-8807-0674A6121BB0}.Release|x86.ActiveCfg = Release|Any CPU
		{21A5DC4C-F679-489D-8807-0674A6121BB0}.Release|x86.Build.0 = Release|Any CPU
		{700CFA55-E2D6-47AD-925C-E2B820B76069}.Debug|Any CPU.ActiveCfg = Debug|Any CPU
		{700CFA55-E2D6-47AD-925C-E2B820B76069}.Debug|Any CPU.Build.0 = Debug|Any CPU
		{700CFA55-E2D6-47AD-925C-E2B820B76069}.Debug|x64.ActiveCfg = Debug|Any CPU
		{700CFA55-E2D6-47AD-925C-E2B820B76069}.Debug|x64.Build.0 = Debug|Any CPU
		{700CFA55-E2D6-47AD-925C-E2B820B76069}.Debug|x86.ActiveCfg = Debug|Any CPU
		{700CFA55-E2D6-47AD-925C-E2B820B76069}.Debug|x86.Build.0 = Debug|Any CPU
		{700CFA55-E2D6-47AD-925C-E2B820B76069}.Release|Any CPU.ActiveCfg = Release|Any CPU
		{700CFA55-E2D6-47AD-925C-E2B820B76069}.Release|Any CPU.Build.0 = Release|Any CPU
		{700CFA55-E2D6-47AD-925C-E2B820B76069}.Release|x64.ActiveCfg = Release|Any CPU
		{700CFA55-E2D6-47AD-925C-E2B820B76069}.Release|x64.Build.0 = Release|Any CPU
		{700CFA55-E2D6-47AD-925C-E2B820B76069}.Release|x86.ActiveCfg = Release|Any CPU
		{700CFA55-E2D6-47AD-925C-E2B820B76069}.Release|x86.Build.0 = Release|Any CPU
		{DBD9ABFC-CB39-45B5-84E4-77820B35C47E}.Debug|Any CPU.ActiveCfg = Debug|Any CPU
		{DBD9ABFC-CB39-45B5-84E4-77820B35C47E}.Debug|Any CPU.Build.0 = Debug|Any CPU
		{DBD9ABFC-CB39-45B5-84E4-77820B35C47E}.Debug|x64.ActiveCfg = Debug|Any CPU
		{DBD9ABFC-CB39-45B5-84E4-77820B35C47E}.Debug|x64.Build.0 = Debug|Any CPU
		{DBD9ABFC-CB39-45B5-84E4-77820B35C47E}.Debug|x86.ActiveCfg = Debug|Any CPU
		{DBD9ABFC-CB39-45B5-84E4-77820B35C47E}.Debug|x86.Build.0 = Debug|Any CPU
		{DBD9ABFC-CB39-45B5-84E4-77820B35C47E}.Release|Any CPU.ActiveCfg = Release|Any CPU
		{DBD9ABFC-CB39-45B5-84E4-77820B35C47E}.Release|Any CPU.Build.0 = Release|Any CPU
		{DBD9ABFC-CB39-45B5-84E4-77820B35C47E}.Release|x64.ActiveCfg = Release|Any CPU
		{DBD9ABFC-CB39-45B5-84E4-77820B35C47E}.Release|x64.Build.0 = Release|Any CPU
		{DBD9ABFC-CB39-45B5-84E4-77820B35C47E}.Release|x86.ActiveCfg = Release|Any CPU
		{DBD9ABFC-CB39-45B5-84E4-77820B35C47E}.Release|x86.Build.0 = Release|Any CPU
		{0658DE42-404C-4918-86E4-F632A1ED80BC}.Debug|Any CPU.ActiveCfg = Debug|Any CPU
		{0658DE42-404C-4918-86E4-F632A1ED80BC}.Debug|Any CPU.Build.0 = Debug|Any CPU
		{0658DE42-404C-4918-86E4-F632A1ED80BC}.Debug|x64.ActiveCfg = Debug|Any CPU
		{0658DE42-404C-4918-86E4-F632A1ED80BC}.Debug|x64.Build.0 = Debug|Any CPU
		{0658DE42-404C-4918-86E4-F632A1ED80BC}.Debug|x86.ActiveCfg = Debug|Any CPU
		{0658DE42-404C-4918-86E4-F632A1ED80BC}.Debug|x86.Build.0 = Debug|Any CPU
		{0658DE42-404C-4918-86E4-F632A1ED80BC}.Release|Any CPU.ActiveCfg = Release|Any CPU
		{0658DE42-404C-4918-86E4-F632A1ED80BC}.Release|Any CPU.Build.0 = Release|Any CPU
		{0658DE42-404C-4918-86E4-F632A1ED80BC}.Release|x64.ActiveCfg = Release|Any CPU
		{0658DE42-404C-4918-86E4-F632A1ED80BC}.Release|x64.Build.0 = Release|Any CPU
		{0658DE42-404C-4918-86E4-F632A1ED80BC}.Release|x86.ActiveCfg = Release|Any CPU
		{0658DE42-404C-4918-86E4-F632A1ED80BC}.Release|x86.Build.0 = Release|Any CPU
	EndGlobalSection
	GlobalSection(SolutionProperties) = preSolution
		HideSolutionNode = FALSE
	EndGlobalSection
	GlobalSection(NestedProjects) = preSolution
		{81034408-37C8-1011-444E-4C15C2FADA8E} = {827E0CD3-B72D-47B6-A68D-7590B98EB39B}
		{5BDFBC09-EE8F-4681-A517-0EDCC643806A} = {81034408-37C8-1011-444E-4C15C2FADA8E}
		{65582966-B404-41AD-9ED6-50F79CE1CA96} = {81034408-37C8-1011-444E-4C15C2FADA8E}
		{A4E802C0-2802-4DC3-BDFA-AAD855C4FBEA} = {81034408-37C8-1011-444E-4C15C2FADA8E}
		{A6F97815-2D6E-4BFD-8D9F-ACAF7CA30564} = {81034408-37C8-1011-444E-4C15C2FADA8E}
		{5F6E8ECF-6C7C-84BC-3852-AC68F2C425F8} = {827E0CD3-B72D-47B6-A68D-7590B98EB39B}
		{21A5DC4C-F679-489D-8807-0674A6121BB0} = {5F6E8ECF-6C7C-84BC-3852-AC68F2C425F8}
		{700CFA55-E2D6-47AD-925C-E2B820B76069} = {81034408-37C8-1011-444E-4C15C2FADA8E}
		{C5A3B5EA-BE9F-76E5-E9B8-8A22B289B295} = {827E0CD3-B72D-47B6-A68D-7590B98EB39B}
		{DBD9ABFC-CB39-45B5-84E4-77820B35C47E} = {C5A3B5EA-BE9F-76E5-E9B8-8A22B289B295}
		{C8E42992-5E42-0C2B-DBFE-AA848D06431C} = {827E0CD3-B72D-47B6-A68D-7590B98EB39B}
		{0658DE42-404C-4918-86E4-F632A1ED80BC} = {C8E42992-5E42-0C2B-DBFE-AA848D06431C}
	EndGlobalSection
EndGlobal
